// !$*UTF8*$!
{
	archiveVersion = 1;
	classes = {
	};
	objectVersion = 46;
	objects = {

/* Begin PBXBuildFile section */
		7475EC9E1B2CE5D500F55324 /* main.m in Sources */ = {isa = PBXBuildFile; fileRef = 7475EC9D1B2CE5D500F55324 /* main.m */; };
		7475ECA11B2CE5D500F55324 /* AppDelegate.m in Sources */ = {isa = PBXBuildFile; fileRef = 7475ECA01B2CE5D500F55324 /* AppDelegate.m */; };
		7475ECA41B2CE5D500F55324 /* ViewController.m in Sources */ = {isa = PBXBuildFile; fileRef = 7475ECA31B2CE5D500F55324 /* ViewController.m */; };
		7475ECA71B2CE5D500F55324 /* Main.storyboard in Resources */ = {isa = PBXBuildFile; fileRef = 7475ECA51B2CE5D500F55324 /* Main.storyboard */; };
		7475ECA91B2CE5D500F55324 /* Images.xcassets in Resources */ = {isa = PBXBuildFile; fileRef = 7475ECA81B2CE5D500F55324 /* Images.xcassets */; };
		7475ECAC1B2CE5D500F55324 /* LaunchScreen.xib in Resources */ = {isa = PBXBuildFile; fileRef = 7475ECAA1B2CE5D500F55324 /* LaunchScreen.xib */; };
		7475ECB81B2CE5D600F55324 /* ActividadFinalTests.m in Sources */ = {isa = PBXBuildFile; fileRef = 7475ECB71B2CE5D600F55324 /* ActividadFinalTests.m */; };
/* End PBXBuildFile section */

/* Begin PBXContainerItemProxy section */
		7475ECB21B2CE5D600F55324 /* PBXContainerItemProxy */ = {
			isa = PBXContainerItemProxy;
			containerPortal = 7475EC901B2CE5D500F55324 /* Project object */;
			proxyType = 1;
			remoteGlobalIDString = 7475EC971B2CE5D500F55324;
			remoteInfo = ActividadFinal;
		};
/* End PBXContainerItemProxy section */

/* Begin PBXFileReference section */
		7475EC981B2CE5D500F55324 /* ActividadFinal.app */ = {isa = PBXFileReference; explicitFileType = wrapper.application; includeInIndex = 0; path = ActividadFinal.app; sourceTree = BUILT_PRODUCTS_DIR; };
		7475EC9C1B2CE5D500F55324 /* Info.plist */ = {isa = PBXFileReference; lastKnownFileType = text.plist.xml; path = Info.plist; sourceTree = "<group>"; };
		7475EC9D1B2CE5D500F55324 /* main.m */ = {isa = PBXFileReference; lastKnownFileType = sourcecode.c.objc; path = main.m; sourceTree = "<group>"; };
		7475EC9F1B2CE5D500F55324 /* AppDelegate.h */ = {isa = PBXFileReference; lastKnownFileType = sourcecode.c.h; path = AppDelegate.h; sourceTree = "<group>"; };
		7475ECA01B2CE5D500F55324 /* AppDelegate.m */ = {isa = PBXFileReference; lastKnownFileType = sourcecode.c.objc; path = AppDelegate.m; sourceTree = "<group>"; };
		7475ECA21B2CE5D500F55324 /* ViewController.h */ = {isa = PBXFileReference; lastKnownFileType = sourcecode.c.h; path = ViewController.h; sourceTree = "<group>"; };
		7475ECA31B2CE5D500F55324 /* ViewController.m */ = {isa = PBXFileReference; lastKnownFileType = sourcecode.c.objc; path = ViewController.m; sourceTree = "<group>"; };
		7475ECA61B2CE5D500F55324 /* Base */ = {isa = PBXFileReference; lastKnownFileType = file.storyboard; name = Base; path = Base.lproj/Main.storyboard; sourceTree = "<group>"; };
		7475ECA81B2CE5D500F55324 /* Images.xcassets */ = {isa = PBXFileReference; lastKnownFileType = folder.assetcatalog; path = Images.xcassets; sourceTree = "<group>"; };
		7475ECAB1B2CE5D500F55324 /* Base */ = {isa = PBXFileReference; lastKnownFileType = file.xib; name = Base; path = Base.lproj/LaunchScreen.xib; sourceTree = "<group>"; };
		7475ECB11B2CE5D600F55324 /* ActividadFinalTests.xctest */ = {isa = PBXFileReference; explicitFileType = wrapper.cfbundle; includeInIndex = 0; path = ActividadFinalTests.xctest; sourceTree = BUILT_PRODUCTS_DIR; };
		7475ECB61B2CE5D600F55324 /* Info.plist */ = {isa = PBXFileReference; lastKnownFileType = text.plist.xml; path = Info.plist; sourceTree = "<group>"; };
		7475ECB71B2CE5D600F55324 /* ActividadFinalTests.m */ = {isa = PBXFileReference; lastKnownFileType = sourcecode.c.objc; path = ActividadFinalTests.m; sourceTree = "<group>"; };
/* End PBXFileReference section */

/* Begin PBXFrameworksBuildPhase section */
		7475EC951B2CE5D500F55324 /* Frameworks */ = {
			isa = PBXFrameworksBuildPhase;
			buildActionMask = 2147483647;
			files = (
			);
			runOnlyForDeploymentPostprocessing = 0;
		};
		7475ECAE1B2CE5D600F55324 /* Frameworks */ = {
			isa = PBXFrameworksBuildPhase;
			buildActionMask = 2147483647;
			files = (
			);
			runOnlyForDeploymentPostprocessing = 0;
		};
/* End PBXFrameworksBuildPhase section */

/* Begin PBXGroup section */
		7475EC8F1B2CE5D500F55324 = {
			isa = PBXGroup;
			children = (
				7475EC9A1B2CE5D500F55324 /* ActividadFinal */,
				7475ECB41B2CE5D600F55324 /* ActividadFinalTests */,
				7475EC991B2CE5D500F55324 /* Products */,
			);
			sourceTree = "<group>";
		};
		7475EC991B2CE5D500F55324 /* Products */ = {
			isa = PBXGroup;
			children = (
				7475EC981B2CE5D500F55324 /* ActividadFinal.app */,
				7475ECB11B2CE5D600F55324 /* ActividadFinalTests.xctest */,
			);
			name = Products;
			sourceTree = "<group>";
		};
		7475EC9A1B2CE5D500F55324 /* ActividadFinal */ = {
			isa = PBXGroup;
			children = (
				7475EC9F1B2CE5D500F55324 /* AppDelegate.h */,
				7475ECA01B2CE5D500F55324 /* AppDelegate.m */,
				7475ECA21B2CE5D500F55324 /* ViewController.h */,
				7475ECA31B2CE5D500F55324 /* ViewController.m */,
				7475ECA51B2CE5D500F55324 /* Main.storyboard */,
				7475ECA81B2CE5D500F55324 /* Images.xcassets */,
				7475ECAA1B2CE5D500F55324 /* LaunchScreen.xib */,
				7475EC9B1B2CE5D500F55324 /* Supporting Files */,
			);
			path = ActividadFinal;
			sourceTree = "<group>";
		};
		7475EC9B1B2CE5D500F55324 /* Supporting Files */ = {
			isa = PBXGroup;
			children = (
				7475EC9C1B2CE5D500F55324 /* Info.plist */,
				7475EC9D1B2CE5D500F55324 /* main.m */,
			);
			name = "Supporting Files";
			sourceTree = "<group>";
		};
		7475ECB41B2CE5D600F55324 /* ActividadFinalTests */ = {
			isa = PBXGroup;
			children = (
				7475ECB71B2CE5D600F55324 /* ActividadFinalTests.m */,
				7475ECB51B2CE5D600F55324 /* Supporting Files */,
			);
			path = ActividadFinalTests;
			sourceTree = "<group>";
		};
		7475ECB51B2CE5D600F55324 /* Supporting Files */ = {
			isa = PBXGroup;
			children = (
				7475ECB61B2CE5D600F55324 /* Info.plist */,
			);
			name = "Supporting Files";
			sourceTree = "<group>";
		};
/* End PBXGroup section */

/* Begin PBXNativeTarget section */
		7475EC971B2CE5D500F55324 /* ActividadFinal */ = {
			isa = PBXNativeTarget;
			buildConfigurationList = 7475ECBB1B2CE5D600F55324 /* Build configuration list for PBXNativeTarget "ActividadFinal" */;
			buildPhases = (
				7475EC941B2CE5D500F55324 /* Sources */,
				7475EC951B2CE5D500F55324 /* Frameworks */,
				7475EC961B2CE5D500F55324 /* Resources */,
			);
			buildRules = (
			);
			dependencies = (
			);
			name = ActividadFinal;
			productName = ActividadFinal;
			productReference = 7475EC981B2CE5D500F55324 /* ActividadFinal.app */;
			productType = "com.apple.product-type.application";
		};
		7475ECB01B2CE5D600F55324 /* ActividadFinalTests */ = {
			isa = PBXNativeTarget;
			buildConfigurationList = 7475ECBE1B2CE5D600F55324 /* Build configuration list for PBXNativeTarget "ActividadFinalTests" */;
			buildPhases = (
				7475ECAD1B2CE5D600F55324 /* Sources */,
				7475ECAE1B2CE5D600F55324 /* Frameworks */,
				7475ECAF1B2CE5D600F55324 /* Resources */,
			);
			buildRules = (
			);
			dependencies = (
				7475ECB31B2CE5D600F55324 /* PBXTargetDependency */,
			);
			name = ActividadFinalTests;
			productName = ActividadFinalTests;
			productReference = 7475ECB11B2CE5D600F55324 /* ActividadFinalTests.xctest */;
			productType = "com.apple.product-type.bundle.unit-test";
		};
/* End PBXNativeTarget section */

/* Begin PBXProject section */
		7475EC901B2CE5D500F55324 /* Project object */ = {
			isa = PBXProject;
			attributes = {
				LastUpgradeCheck = 0620;
				ORGANIZATIONNAME = "INNOVATING SOFTWARE SAS";
				TargetAttributes = {
					7475EC971B2CE5D500F55324 = {
						CreatedOnToolsVersion = 6.2;
					};
					7475ECB01B2CE5D600F55324 = {
						CreatedOnToolsVersion = 6.2;
						TestTargetID = 7475EC971B2CE5D500F55324;
					};
				};
			};
			buildConfigurationList = 7475EC931B2CE5D500F55324 /* Build configuration list for PBXProject "ActividadFinal" */;
			compatibilityVersion = "Xcode 3.2";
			developmentRegion = English;
			hasScannedForEncodings = 0;
			knownRegions = (
				en,
				Base,
			);
			mainGroup = 7475EC8F1B2CE5D500F55324;
			productRefGroup = 7475EC991B2CE5D500F55324 /* Products */;
			projectDirPath = "";
			projectRoot = "";
			targets = (
				7475EC971B2CE5D500F55324 /* ActividadFinal */,
				7475ECB01B2CE5D600F55324 /* ActividadFinalTests */,
			);
		};
/* End PBXProject section */

/* Begin PBXResourcesBuildPhase section */
		7475EC961B2CE5D500F55324 /* Resources */ = {
			isa = PBXResourcesBuildPhase;
			buildActionMask = 2147483647;
			files = (
				7475ECA71B2CE5D500F55324 /* Main.storyboard in Resources */,
				7475ECAC1B2CE5D500F55324 /* LaunchScreen.xib in Resources */,
				7475ECA91B2CE5D500F55324 /* Images.xcassets in Resources */,
			);
			runOnlyForDeploymentPostprocessing = 0;
		};
		7475ECAF1B2CE5D600F55324 /* Resources */ = {
			isa = PBXResourcesBuildPhase;
			buildActionMask = 2147483647;
			files = (
			);
			runOnlyForDeploymentPostprocessing = 0;
		};
/* End PBXResourcesBuildPhase section */

/* Begin PBXSourcesBuildPhase section */
		7475EC941B2CE5D500F55324 /* Sources */ = {
			isa = PBXSourcesBuildPhase;
			buildActionMask = 2147483647;
			files = (
				7475ECA41B2CE5D500F55324 /* ViewController.m in Sources */,
				7475ECA11B2CE5D500F55324 /* AppDelegate.m in Sources */,
				7475EC9E1B2CE5D500F55324 /* main.m in Sources */,
			);
			runOnlyForDeploymentPostprocessing = 0;
		};
		7475ECAD1B2CE5D600F55324 /* Sources */ = {
			isa = PBXSourcesBuildPhase;
			buildActionMask = 2147483647;
			files = (
				7475ECB81B2CE5D600F55324 /* ActividadFinalTests.m in Sources */,
			);
			runOnlyForDeploymentPostprocessing = 0;
		};
/* End PBXSourcesBuildPhase section */

/* Begin PBXTargetDependency section */
		7475ECB31B2CE5D600F55324 /* PBXTargetDependency */ = {
			isa = PBXTargetDependency;
			target = 7475EC971B2CE5D500F55324 /* ActividadFinal */;
			targetProxy = 7475ECB21B2CE5D600F55324 /* PBXContainerItemProxy */;
		};
/* End PBXTargetDependency section */

/* Begin PBXVariantGroup section */
		7475ECA51B2CE5D500F55324 /* Main.storyboard */ = {
			isa = PBXVariantGroup;
			children = (
				7475ECA61B2CE5D500F55324 /* Base */,
			);
			name = Main.storyboard;
			sourceTree = "<group>";
		};
		7475ECAA1B2CE5D500F55324 /* LaunchScreen.xib */ = {
			isa = PBXVariantGroup;
			children = (
				7475ECAB1B2CE5D500F55324 /* Base */,
			);
			name = LaunchScreen.xib;
			sourceTree = "<group>";
		};
/* End PBXVariantGroup section */

/* Begin XCBuildConfiguration section */
		7475ECB91B2CE5D600F55324 /* Debug */ = {
			isa = XCBuildConfiguration;
			buildSettings = {
				ALWAYS_SEARCH_USER_PATHS = NO;
				CLANG_CXX_LANGUAGE_STANDARD = "gnu++0x";
				CLANG_CXX_LIBRARY = "libc++";
				CLANG_ENABLE_MODULES = YES;
				CLANG_ENABLE_OBJC_ARC = YES;
				CLANG_WARN_BOOL_CONVERSION = YES;
				CLANG_WARN_CONSTANT_CONVERSION = YES;
				CLANG_WARN_DIRECT_OBJC_ISA_USAGE = YES_ERROR;
				CLANG_WARN_EMPTY_BODY = YES;
				CLANG_WARN_ENUM_CONVERSION = YES;
				CLANG_WARN_INT_CONVERSION = YES;
				CLANG_WARN_OBJC_ROOT_CLASS = YES_ERROR;
				CLANG_WARN_UNREACHABLE_CODE = YES;
				CLANG_WARN__DUPLICATE_METHOD_MATCH = YES;
				"CODE_SIGN_IDENTITY[sdk=iphoneos*]" = "iPhone Developer";
				COPY_PHASE_STRIP = NO;
				ENABLE_STRICT_OBJC_MSGSEND = YES;
				GCC_C_LANGUAGE_STANDARD = gnu99;
				GCC_DYNAMIC_NO_PIC = NO;
				GCC_OPTIMIZATION_LEVEL = 0;
				GCC_PREPROCESSOR_DEFINITIONS = (
					"DEBUG=1",
					"$(inherited)",
				);
				GCC_SYMBOLS_PRIVATE_EXTERN = NO;
				GCC_WARN_64_TO_32_BIT_CONVERSION = YES;
				GCC_WARN_ABOUT_RETURN_TYPE = YES_ERROR;
				GCC_WARN_UNDECLARED_SELECTOR = YES;
				GCC_WARN_UNINITIALIZED_AUTOS = YES_AGGRESSIVE;
				GCC_WARN_UNUSED_FUNCTION = YES;
				GCC_WARN_UNUSED_VARIABLE = YES;
				IPHONEOS_DEPLOYMENT_TARGET = 8.2;
				MTL_ENABLE_DEBUG_INFO = YES;
				ONLY_ACTIVE_ARCH = YES;
				SDKROOT = iphoneos;
			};
			name = Debug;
		};
		7475ECBA1B2CE5D600F55324 /* Release */ = {
			isa = XCBuildConfiguration;
			buildSettings = {
				ALWAYS_SEARCH_USER_PATHS = NO;
				CLANG_CXX_LANGUAGE_STANDARD = "gnu++0x";
				CLANG_CXX_LIBRARY = "libc++";
				CLANG_ENABLE_MODULES = YES;
				CLANG_ENABLE_OBJC_ARC = YES;
				CLANG_WARN_BOOL_CONVERSION = YES;
				CLANG_WARN_CONSTANT_CONVERSION = YES;
				CLANG_WARN_DIRECT_OBJC_ISA_USAGE = YES_ERROR;
				CLANG_WARN_EMPTY_BODY = YES;
				CLANG_WARN_ENUM_CONVERSION = YES;
				CLANG_WARN_INT_CONVERSION = YES;
				CLANG_WARN_OBJC_ROOT_CLASS = YES_ERROR;
				CLANG_WARN_UNREACHABLE_CODE = YES;
				CLANG_WARN__DUPLICATE_METHOD_MATCH = YES;
				"CODE_SIGN_IDENTITY[sdk=iphoneos*]" = "iPhone Developer";
				COPY_PHASE_STRIP = NO;
				ENABLE_NS_ASSERTIONS = NO;
				ENABLE_STRICT_OBJC_MSGSEND = YES;
				GCC_C_LANGUAGE_STANDARD = gnu99;
				GCC_WARN_64_TO_32_BIT_CONVERSION = YES;
				GCC_WARN_ABOUT_RETURN_TYPE = YES_ERROR;
				GCC_WARN_UNDECLARED_SELECTOR = YES;
				GCC_WARN_UNINITIALIZED_AUTOS = YES_AGGRESSIVE;
				GCC_WARN_UNUSED_FUNCTION = YES;
				GCC_WARN_UNUSED_VARIABLE = YES;
				IPHONEOS_DEPLOYMENT_TARGET = 8.2;
				MTL_ENABLE_DEBUG_INFO = NO;
				SDKROOT = iphoneos;
				VALIDATE_PRODUCT = YES;
			};
			name = Release;
		};
		7475ECBC1B2CE5D600F55324 /* Debug */ = {
			isa = XCBuildConfiguration;
			buildSettings = {
				ASSETCATALOG_COMPILER_APPICON_NAME = AppIcon;
				INFOPLIST_FILE = ActividadFinal/Info.plist;
				LD_RUNPATH_SEARCH_PATHS = "$(inherited) @executable_path/Frameworks";
				PRODUCT_NAME = "$(TARGET_NAME)";
			};
			name = Debug;
		};
		7475ECBD1B2CE5D600F55324 /* Release */ = {
			isa = XCBuildConfiguration;
			buildSettings = {
				ASSETCATALOG_COMPILER_APPICON_NAME = AppIcon;
				INFOPLIST_FILE = ActividadFinal/Info.plist;
				LD_RUNPATH_SEARCH_PATHS = "$(inherited) @executable_path/Frameworks";
				PRODUCT_NAME = "$(TARGET_NAME)";
			};
			name = Release;
		};
		7475ECBF1B2CE5D600F55324 /* Debug */ = {
			isa = XCBuildConfiguration;
			buildSettings = {
				BUNDLE_LOADER = "$(TEST_HOST)";
				FRAMEWORK_SEARCH_PATHS = (
					"$(SDKROOT)/Developer/Library/Frameworks",
					"$(inherited)",
				);
				GCC_PREPROCESSOR_DEFINITIONS = (
					"DEBUG=1",
					"$(inherited)",
				);
				INFOPLIST_FILE = ActividadFinalTests/Info.plist;
				LD_RUNPATH_SEARCH_PATHS = "$(inherited) @executable_path/Frameworks @loader_path/Frameworks";
				PRODUCT_NAME = "$(TARGET_NAME)";
				TEST_HOST = "$(BUILT_PRODUCTS_DIR)/ActividadFinal.app/ActividadFinal";
			};
			name = Debug;
		};
		7475ECC01B2CE5D600F55324 /* Release */ = {
			isa = XCBuildConfiguration;
			buildSettings = {
				BUNDLE_LOADER = "$(TEST_HOST)";
				FRAMEWORK_SEARCH_PATHS = (
					"$(SDKROOT)/Developer/Library/Frameworks",
					"$(inherited)",
				);
				INFOPLIST_FILE = ActividadFinalTests/Info.plist;
				LD_RUNPATH_SEARCH_PATHS = "$(inherited) @executable_path/Frameworks @loader_path/Frameworks";
				PRODUCT_NAME = "$(TARGET_NAME)";
				TEST_HOST = "$(BUILT_PRODUCTS_DIR)/ActividadFinal.app/ActividadFinal";
			};
			name = Release;
		};
/* End XCBuildConfiguration section */

/* Begin XCConfigurationList section */
		7475EC931B2CE5D500F55324 /* Build configuration list for PBXProject "ActividadFinal" */ = {
			isa = XCConfigurationList;
			buildConfigurations = (
				7475ECB91B2CE5D600F55324 /* Debug */,
				7475ECBA1B2CE5D600F55324 /* Release */,
			);
			defaultConfigurationIsVisible = 0;
			defaultConfigurationName = Release;
		};
		7475ECBB1B2CE5D600F55324 /* Build configuration list for PBXNativeTarget "ActividadFinal" */ = {
			isa = XCConfigurationList;
			buildConfigurations = (
				7475ECBC1B2CE5D600F55324 /* Debug */,
				7475ECBD1B2CE5D600F55324 /* Release */,
			);
			defaultConfigurationIsVisible = 0;
		};
		7475ECBE1B2CE5D600F55324 /* Build configuration list for PBXNativeTarget "ActividadFinalTests" */ = {
			isa = XCConfigurationList;
			buildConfigurations = (
				7475ECBF1B2CE5D600F55324 /* Debug */,
				7475ECC01B2CE5D600F55324 /* Release */,
			);
			defaultConfigurationIsVisible = 0;
		};
/* End XCConfigurationList section */
	};
	rootObject = 7475EC901B2CE5D500F55324 /* Project object */;
}
